
Microsoft Visual Studio Solution File, Format Version 12.00
# Visual Studio Version 17
VisualStudioVersion = 17.8.34408.163
MinimumVisualStudioVersion = 10.0.40219.1
Project("{9A19103F-16F7-4668-BE54-9A1E7A4F7556}") = "EffectiveMobileTestTask", "EffectiveMobileTestTask\EffectiveMobileTestTask.csproj", "{9D3F596E-7E85-4B24-B8AA-D243951FDD54}"
EndProject
Project("{FAE04EC0-301F-11D3-BF4B-00C04F79EFBC}") = "EffectiveMobileTestTask.Tests", "EffectiveMobileTestTask.Tests\EffectiveMobileTestTask.Tests.csproj", "{1B6A1965-84A9-45FF-BF63-15E347744DCF}"
EndProject
Global
	GlobalSection(SolutionConfigurationPlatforms) = preSolution
		Debug|Any CPU = Debug|Any CPU
		Release|Any CPU = Release|Any CPU
	EndGlobalSection
	GlobalSection(ProjectConfigurationPlatforms) = postSolution
		{9D3F596E-7E85-4B24-B8AA-D243951FDD54}.Debug|Any CPU.ActiveCfg = Debug|Any CPU
		{9D3F596E-7E85-4B24-B8AA-D243951FDD54}.Debug|Any CPU.Build.0 = Debug|Any CPU
		{9D3F596E-7E85-4B24-B8AA-D243951FDD54}.Release|Any CPU.ActiveCfg = Release|Any CPU
		{9D3F596E-7E85-4B24-B8AA-D243951FDD54}.Release|Any CPU.Build.0 = Release|Any CPU
		{1B6A1965-84A9-45FF-BF63-15E347744DCF}.Debug|Any CPU.ActiveCfg = Debug|Any CPU
		{1B6A1965-84A9-45FF-BF63-15E347744DCF}.Debug|Any CPU.Build.0 = Debug|Any CPU
		{1B6A1965-84A9-45FF-BF63-15E347744DCF}.Release|Any CPU.ActiveCfg = Release|Any CPU
		{1B6A1965-84A9-45FF-BF63-15E347744DCF}.Release|Any CPU.Build.0 = Release|Any CPU
	EndGlobalSection
	GlobalSection(SolutionProperties) = preSolution
		HideSolutionNode = FALSE
	EndGlobalSection
	GlobalSection(ExtensibilityGlobals) = postSolution
		SolutionGuid = {73B6D28A-E596-4AA1-9472-D15DED1A2F29}
	EndGlobalSection
EndGlobal
